<?xml version="1.0" encoding="utf-8"?>
<Project ToolsVersion="4.0" xmlns="http://schemas.microsoft.com/developer/msbuild/2003">
  <ItemGroup>
    <ClCompile Include="MAIN.cpp" />
    <ClCompile Include="Read\tinyxml2.cpp">
      <Filter>Read</Filter>
    </ClCompile>
    <ClCompile Include="Read\XFileRead.cpp">
      <Filter>Read</Filter>
    </ClCompile>
    <ClCompile Include="Stage\Stage.cpp">
      <Filter>Stage</Filter>
    </ClCompile>
    <ClCompile Include="Camera.cpp" />
    <ClCompile Include="Main_Scene.cpp" />
    <ClCompile Include="DebugDraw\D3D11_TEXT.cpp">
      <Filter>DebugDraw</Filter>
    </ClCompile>
    <ClCompile Include="Charactor\CharactorManager.cpp">
      <Filter>Charactor</Filter>
    </ClCompile>
    <ClCompile Include="Charactor\Player\PlayerManager.cpp">
      <Filter>Charactor\Player</Filter>
    </ClCompile>
    <ClCompile Include="Charactor\Player\GamePad.cpp">
      <Filter>Charactor\Player</Filter>
    </ClCompile>
    <ClCompile Include="Charactor\Player\JobManager.cpp">
      <Filter>Charactor\Player</Filter>
    </ClCompile>
    <ClCompile Include="Read\ParameterRead.cpp">
      <Filter>Read</Filter>
    </ClCompile>
    <ClCompile Include="Collision.cpp" />
    <ClCompile Include="Charactor\Enemy\EnemyJobManager.cpp">
      <Filter>Charactor\Enemy</Filter>
    </ClCompile>
    <ClCompile Include="Charactor\Enemy\EnemyManager.cpp">
      <Filter>Charactor\Enemy</Filter>
    </ClCompile>
    <ClCompile Include="Mesh\CD3DXSKINMESH.cpp">
      <Filter>Mesh</Filter>
    </ClCompile>
    <ClCompile Include="Mesh\CD3DXMESH.cpp">
      <Filter>Mesh</Filter>
    </ClCompile>
    <ClCompile Include="Charactor\Player\Job\SwordMan.cpp">
      <Filter>Charactor\Player\Job</Filter>
    </ClCompile>
    <ClCompile Include="Charactor\Player\Job\WeaponBall.cpp">
      <Filter>Charactor\Player\Job</Filter>
    </ClCompile>
    <ClCompile Include="Charactor\Player\Job\Witch.cpp">
      <Filter>Charactor\Player\Job</Filter>
    </ClCompile>
    <ClCompile Include="Charactor\Player\Job\ShieldMan.cpp">
      <Filter>Charactor\Player\Job</Filter>
    </ClCompile>
    <ClCompile Include="Charactor\Player\Job\Bomber.cpp">
      <Filter>Charactor\Player\Job</Filter>
    </ClCompile>
    <ClCompile Include="Charactor\Princess.cpp">
      <Filter>Charactor</Filter>
    </ClCompile>
    <ClCompile Include="Stage\Spawn.cpp">
      <Filter>Stage</Filter>
    </ClCompile>
    <ClCompile Include="Stage\SpawnManager.cpp">
      <Filter>Stage</Filter>
    </ClCompile>
    <ClCompile Include="Read\MotionRead.cpp">
      <Filter>Read</Filter>
    </ClCompile>
    <ClCompile Include="Effect\D3D11_SPRITE.cpp">
      <Filter>Effect</Filter>
    </ClCompile>
    <ClCompile Include="Effect\Effect.cpp">
      <Filter>Effect</Filter>
    </ClCompile>
    <ClCompile Include="Read\SpawnGateRead.cpp">
      <Filter>Read</Filter>
    </ClCompile>
    <ClCompile Include="SoundEffect\Sound.cpp">
      <Filter>SoundEffect</Filter>
    </ClCompile>
  </ItemGroup>
  <ItemGroup>
    <ClInclude Include="MAIN.h" />
    <ClInclude Include="Origin.h" />
    <ClInclude Include="Read\tinyxml2.h">
      <Filter>Read</Filter>
    </ClInclude>
    <ClInclude Include="Read\XFileRead.h">
      <Filter>Read</Filter>
    </ClInclude>
    <ClInclude Include="Stage\Stage.h">
      <Filter>Stage</Filter>
    </ClInclude>
    <ClInclude Include="Camera.h" />
    <ClInclude Include="Main_Scene.h" />
    <ClInclude Include="DebugDraw\D3D11_TEXT.h">
      <Filter>DebugDraw</Filter>
    </ClInclude>
    <ClInclude Include="Charactor\CharactorManager.h">
      <Filter>Charactor</Filter>
    </ClInclude>
    <ClInclude Include="Charactor\Player\GamePad.h">
      <Filter>Charactor\Player</Filter>
    </ClInclude>
    <ClInclude Include="Charactor\Player\JobManager.h">
      <Filter>Charactor\Player</Filter>
    </ClInclude>
    <ClInclude Include="Read\ParameterRead.h">
      <Filter>Read</Filter>
    </ClInclude>
    <ClInclude Include="Charactor\CharactorCreator.h">
      <Filter>Charactor</Filter>
    </ClInclude>
    <ClInclude Include="Collision.h" />
    <ClInclude Include="Charactor\Enemy\EnemyManager.h">
      <Filter>Charactor\Enemy</Filter>
    </ClInclude>
    <ClInclude Include="Charactor\Enemy\EnemyJobManager.h">
      <Filter>Charactor\Enemy</Filter>
    </ClInclude>
    <ClInclude Include="Mesh\CD3DXSKINMESH.h">
      <Filter>Mesh</Filter>
    </ClInclude>
    <ClInclude Include="Mesh\CD3DXMESH.h">
      <Filter>Mesh</Filter>
    </ClInclude>
    <ClInclude Include="Charactor\Player\Job\WeaponBall.h">
      <Filter>Charactor\Player\Job</Filter>
    </ClInclude>
    <ClInclude Include="Charactor\Player\Job\SwordMan.h">
      <Filter>Charactor\Player\Job</Filter>
    </ClInclude>
    <ClInclude Include="Charactor\Player\Job\Witch.h">
      <Filter>Charactor\Player\Job</Filter>
    </ClInclude>
    <ClInclude Include="Charactor\Player\Job\ShieldMan.h">
      <Filter>Charactor\Player\Job</Filter>
    </ClInclude>
    <ClInclude Include="Charactor\Player\Job\Bomber.h">
      <Filter>Charactor\Player\Job</Filter>
    </ClInclude>
    <ClInclude Include="Charactor\Player\PlayerCommon.h">
      <Filter>Charactor\Player</Filter>
    </ClInclude>
    <ClInclude Include="Charactor\Princess.h">
      <Filter>Charactor</Filter>
    </ClInclude>
    <ClInclude Include="Charactor\Player\PlayerManager.h">
      <Filter>Charactor\Player</Filter>
    </ClInclude>
    <ClInclude Include="Stage\Spawn.h">
      <Filter>Stage</Filter>
    </ClInclude>
    <ClInclude Include="Stage\SpawnManager.h">
      <Filter>Stage</Filter>
    </ClInclude>
    <ClInclude Include="Read\MotionRead.h">
      <Filter>Read</Filter>
    </ClInclude>
    <ClInclude Include="Effect\D3D11_SPRITE.h">
      <Filter>Effect</Filter>
    </ClInclude>
    <ClInclude Include="Effect\Effect.h">
      <Filter>Effect</Filter>
    </ClInclude>
    <ClInclude Include="Read\SpawnGateRead.h">
      <Filter>Read</Filter>
    </ClInclude>
    <ClInclude Include="SoundEffect\Sound.h">
      <Filter>SoundEffect</Filter>
    </ClInclude>
  </ItemGroup>
  <ItemGroup>
    <Filter Include="Mesh">
      <UniqueIdentifier>{5045c8c2-bd03-4872-8847-de577fa7bdb1}</UniqueIdentifier>
    </Filter>
    <Filter Include="Charactor">
      <UniqueIdentifier>{61aeb25a-2e5c-407e-8f73-282c63cb259e}</UniqueIdentifier>
    </Filter>
    <Filter Include="Stage">
      <UniqueIdentifier>{31141600-4ad4-4b2a-a7d8-a5daaf8d3dc3}</UniqueIdentifier>
    </Filter>
    <Filter Include="Read">
      <UniqueIdentifier>{9826b7cb-ab0e-4dc9-98c4-00fd39099b5a}</UniqueIdentifier>
    </Filter>
    <Filter Include="DebugDraw">
      <UniqueIdentifier>{a8e5d67b-4ee1-44e2-8f02-0fc293af0aa2}</UniqueIdentifier>
    </Filter>
    <Filter Include="Charactor\Player">
      <UniqueIdentifier>{02a1c571-d0b1-4a0a-94bd-28277ef0801a}</UniqueIdentifier>
    </Filter>
    <Filter Include="Charactor\Enemy">
      <UniqueIdentifier>{508b2f76-05d6-4fa9-a683-dbb11d957149}</UniqueIdentifier>
    </Filter>
    <Filter Include="Charactor\Player\Job">
      <UniqueIdentifier>{901bdccf-b2de-46f9-8457-e1c2a8bcdb21}</UniqueIdentifier>
    </Filter>
    <Filter Include="Effect">
      <UniqueIdentifier>{122ecbac-73b4-461b-b62b-5ae9c2e3dd5f}</UniqueIdentifier>
    </Filter>
    <Filter Include="SoundEffect">
      <UniqueIdentifier>{e872b0bf-5851-43a9-880c-81b617b3bb08}</UniqueIdentifier>
    </Filter>
  </ItemGroup>
</Project>