<?xml version="1.0" encoding="utf-8"?>
<Project ToolsVersion="4.0" xmlns="http://schemas.microsoft.com/developer/msbuild/2003">
  <ItemGroup>
    <ClCompile Include="MAIN.cpp" />
    <ClCompile Include="Read\tinyxml2.cpp">
      <Filter>Read</Filter>
    </ClCompile>
    <ClCompile Include="Read\XFileRead.cpp">
      <Filter>Read</Filter>
    </ClCompile>
    <ClCompile Include="Stage\Stage.cpp">
      <Filter>Stage</Filter>
    </ClCompile>
    <ClCompile Include="Camera.cpp" />
    <ClCompile Include="DebugDraw\D3D11_TEXT.cpp">
      <Filter>DebugDraw</Filter>
    </ClCompile>
    <ClCompile Include="Charactor\CharactorManager.cpp">
      <Filter>Charactor</Filter>
    </ClCompile>
    <ClCompile Include="Charactor\Player\PlayerManager.cpp">
      <Filter>Charactor\Player</Filter>
    </ClCompile>
    <ClCompile Include="Charactor\Player\GamePad.cpp">
      <Filter>Charactor\Player</Filter>
    </ClCompile>
    <ClCompile Include="Charactor\Player\JobManager.cpp">
      <Filter>Charactor\Player</Filter>
    </ClCompile>
    <ClCompile Include="Read\ParameterRead.cpp">
      <Filter>Read</Filter>
    </ClCompile>
    <ClCompile Include="Collision.cpp" />
    <ClCompile Include="Charactor\Enemy\EnemyJobManager.cpp">
      <Filter>Charactor\Enemy</Filter>
    </ClCompile>
    <ClCompile Include="Charactor\Enemy\EnemyManager.cpp">
      <Filter>Charactor\Enemy</Filter>
    </ClCompile>
    <ClCompile Include="Mesh\CD3DXSKINMESH.cpp">
      <Filter>Mesh</Filter>
    </ClCompile>
    <ClCompile Include="Mesh\CD3DXMESH.cpp">
      <Filter>Mesh</Filter>
    </ClCompile>
    <ClCompile Include="Charactor\Player\Job\SwordMan.cpp">
      <Filter>Charactor\Player\Job</Filter>
    </ClCompile>
    <ClCompile Include="Charactor\Player\Job\WeaponBall.cpp">
      <Filter>Charactor\Player\Job</Filter>
    </ClCompile>
    <ClCompile Include="Charactor\Player\Job\Witch.cpp">
      <Filter>Charactor\Player\Job</Filter>
    </ClCompile>
    <ClCompile Include="Charactor\Player\Job\ShieldMan.cpp">
      <Filter>Charactor\Player\Job</Filter>
    </ClCompile>
    <ClCompile Include="Charactor\Player\Job\Bomber.cpp">
      <Filter>Charactor\Player\Job</Filter>
    </ClCompile>
    <ClCompile Include="Charactor\Princess.cpp">
      <Filter>Charactor</Filter>
    </ClCompile>
    <ClCompile Include="Stage\Spawn.cpp">
      <Filter>Stage</Filter>
    </ClCompile>
    <ClCompile Include="Stage\SpawnManager.cpp">
      <Filter>Stage</Filter>
    </ClCompile>
    <ClCompile Include="Read\MotionRead.cpp">
      <Filter>Read</Filter>
    </ClCompile>
    <ClCompile Include="Read\SpawnGateRead.cpp">
      <Filter>Read</Filter>
    </ClCompile>
    <ClCompile Include="Sound\Sound.cpp">
      <Filter>Sound</Filter>
    </ClCompile>
    <ClCompile Include="Effekseer\Effect.cpp">
      <Filter>Effekseer</Filter>
    </ClCompile>
    <ClCompile Include="Scene\SceneManager\SceneRoot.cpp">
      <Filter>Scene\SceneManager</Filter>
    </ClCompile>
    <ClCompile Include="Scene\SceneParts\CharactorSelection_Scene.cpp">
      <Filter>Scene\SceneParts</Filter>
    </ClCompile>
    <ClCompile Include="Scene\SceneParts\Main_Scene.cpp">
      <Filter>Scene\SceneParts</Filter>
    </ClCompile>
    <ClCompile Include="Scene\SceneParts\Result_Scene.cpp">
      <Filter>Scene\SceneParts</Filter>
    </ClCompile>
    <ClCompile Include="Scene\SceneParts\Scene.cpp">
      <Filter>Scene\SceneParts</Filter>
    </ClCompile>
    <ClCompile Include="Scene\SceneParts\Title_Scene.cpp">
      <Filter>Scene\SceneParts</Filter>
    </ClCompile>
    <ClCompile Include="UI\TD_Graphics.cpp">
      <Filter>UI</Filter>
    </ClCompile>
    <ClCompile Include="Charactor\CharactorCreator.cpp">
      <Filter>Charactor</Filter>
    </ClCompile>
    <ClCompile Include="UI\D3D11_SPRITE.cpp">
      <Filter>UI</Filter>
    </ClCompile>
  </ItemGroup>
  <ItemGroup>
    <ClInclude Include="MAIN.h" />
    <ClInclude Include="Origin.h" />
    <ClInclude Include="Read\tinyxml2.h">
      <Filter>Read</Filter>
    </ClInclude>
    <ClInclude Include="Read\XFileRead.h">
      <Filter>Read</Filter>
    </ClInclude>
    <ClInclude Include="Stage\Stage.h">
      <Filter>Stage</Filter>
    </ClInclude>
    <ClInclude Include="Camera.h" />
    <ClInclude Include="DebugDraw\D3D11_TEXT.h">
      <Filter>DebugDraw</Filter>
    </ClInclude>
    <ClInclude Include="Charactor\CharactorManager.h">
      <Filter>Charactor</Filter>
    </ClInclude>
    <ClInclude Include="Charactor\Player\GamePad.h">
      <Filter>Charactor\Player</Filter>
    </ClInclude>
    <ClInclude Include="Charactor\Player\JobManager.h">
      <Filter>Charactor\Player</Filter>
    </ClInclude>
    <ClInclude Include="Read\ParameterRead.h">
      <Filter>Read</Filter>
    </ClInclude>
    <ClInclude Include="Charactor\CharactorCreator.h">
      <Filter>Charactor</Filter>
    </ClInclude>
    <ClInclude Include="Collision.h" />
    <ClInclude Include="Charactor\Enemy\EnemyManager.h">
      <Filter>Charactor\Enemy</Filter>
    </ClInclude>
    <ClInclude Include="Charactor\Enemy\EnemyJobManager.h">
      <Filter>Charactor\Enemy</Filter>
    </ClInclude>
    <ClInclude Include="Mesh\CD3DXSKINMESH.h">
      <Filter>Mesh</Filter>
    </ClInclude>
    <ClInclude Include="Mesh\CD3DXMESH.h">
      <Filter>Mesh</Filter>
    </ClInclude>
    <ClInclude Include="Charactor\Player\Job\WeaponBall.h">
      <Filter>Charactor\Player\Job</Filter>
    </ClInclude>
    <ClInclude Include="Charactor\Player\Job\SwordMan.h">
      <Filter>Charactor\Player\Job</Filter>
    </ClInclude>
    <ClInclude Include="Charactor\Player\Job\Witch.h">
      <Filter>Charactor\Player\Job</Filter>
    </ClInclude>
    <ClInclude Include="Charactor\Player\Job\ShieldMan.h">
      <Filter>Charactor\Player\Job</Filter>
    </ClInclude>
    <ClInclude Include="Charactor\Player\Job\Bomber.h">
      <Filter>Charactor\Player\Job</Filter>
    </ClInclude>
    <ClInclude Include="Charactor\Player\PlayerCommon.h">
      <Filter>Charactor\Player</Filter>
    </ClInclude>
    <ClInclude Include="Charactor\Princess.h">
      <Filter>Charactor</Filter>
    </ClInclude>
    <ClInclude Include="Charactor\Player\PlayerManager.h">
      <Filter>Charactor\Player</Filter>
    </ClInclude>
    <ClInclude Include="Stage\Spawn.h">
      <Filter>Stage</Filter>
    </ClInclude>
    <ClInclude Include="Stage\SpawnManager.h">
      <Filter>Stage</Filter>
    </ClInclude>
    <ClInclude Include="Read\MotionRead.h">
      <Filter>Read</Filter>
    </ClInclude>
    <ClInclude Include="Read\SpawnGateRead.h">
      <Filter>Read</Filter>
    </ClInclude>
    <ClInclude Include="Sound\Sound.h">
      <Filter>Sound</Filter>
    </ClInclude>
    <ClInclude Include="Effekseer\Effect.h">
      <Filter>Effekseer</Filter>
    </ClInclude>
    <ClInclude Include="Scene\Bass\SceneBase.h">
      <Filter>Scene\Base</Filter>
    </ClInclude>
    <ClInclude Include="Scene\SceneManager\SceneRoot.h">
      <Filter>Scene\SceneManager</Filter>
    </ClInclude>
    <ClInclude Include="Scene\SceneParts\CharactorSelection_Scene.h">
      <Filter>Scene\SceneParts</Filter>
    </ClInclude>
    <ClInclude Include="Scene\SceneParts\Main_Scene.h">
      <Filter>Scene\SceneParts</Filter>
    </ClInclude>
    <ClInclude Include="Scene\SceneParts\Result_Scene.h">
      <Filter>Scene\SceneParts</Filter>
    </ClInclude>
    <ClInclude Include="Scene\SceneParts\Scene.h">
      <Filter>Scene\SceneParts</Filter>
    </ClInclude>
    <ClInclude Include="Scene\SceneParts\Title_Scene.h">
      <Filter>Scene\SceneParts</Filter>
    </ClInclude>
    <ClInclude Include="UI\TD_Graphics.h">
      <Filter>UI</Filter>
    </ClInclude>
    <ClInclude Include="UI\D3D11_SPRITE.h">
      <Filter>UI</Filter>
    </ClInclude>
  </ItemGroup>
  <ItemGroup>
    <Filter Include="Mesh">
      <UniqueIdentifier>{5045c8c2-bd03-4872-8847-de577fa7bdb1}</UniqueIdentifier>
    </Filter>
    <Filter Include="Charactor">
      <UniqueIdentifier>{61aeb25a-2e5c-407e-8f73-282c63cb259e}</UniqueIdentifier>
    </Filter>
    <Filter Include="Stage">
      <UniqueIdentifier>{31141600-4ad4-4b2a-a7d8-a5daaf8d3dc3}</UniqueIdentifier>
    </Filter>
    <Filter Include="Read">
      <UniqueIdentifier>{9826b7cb-ab0e-4dc9-98c4-00fd39099b5a}</UniqueIdentifier>
    </Filter>
    <Filter Include="DebugDraw">
      <UniqueIdentifier>{a8e5d67b-4ee1-44e2-8f02-0fc293af0aa2}</UniqueIdentifier>
    </Filter>
    <Filter Include="Charactor\Player">
      <UniqueIdentifier>{02a1c571-d0b1-4a0a-94bd-28277ef0801a}</UniqueIdentifier>
    </Filter>
    <Filter Include="Charactor\Enemy">
      <UniqueIdentifier>{508b2f76-05d6-4fa9-a683-dbb11d957149}</UniqueIdentifier>
    </Filter>
    <Filter Include="Charactor\Player\Job">
      <UniqueIdentifier>{901bdccf-b2de-46f9-8457-e1c2a8bcdb21}</UniqueIdentifier>
    </Filter>
    <Filter Include="Scene">
      <UniqueIdentifier>{4a4a7d89-c1ba-418c-b11d-81d06abcc27f}</UniqueIdentifier>
    </Filter>
    <Filter Include="Effekseer">
      <UniqueIdentifier>{84f684b1-34d5-41d5-90ac-38f3aeeb6654}</UniqueIdentifier>
    </Filter>
    <Filter Include="UI">
      <UniqueIdentifier>{122ecbac-73b4-461b-b62b-5ae9c2e3dd5f}</UniqueIdentifier>
    </Filter>
    <Filter Include="Sound">
      <UniqueIdentifier>{e872b0bf-5851-43a9-880c-81b617b3bb08}</UniqueIdentifier>
    </Filter>
    <Filter Include="Scene\Base">
      <UniqueIdentifier>{701db02f-bbd1-4c36-8068-f0c691980fc5}</UniqueIdentifier>
    </Filter>
    <Filter Include="Scene\SceneParts">
      <UniqueIdentifier>{ce2252f3-4839-44c1-8972-78df3073623f}</UniqueIdentifier>
    </Filter>
    <Filter Include="Scene\SceneManager">
      <UniqueIdentifier>{a15ad059-dd9f-44e1-bc89-042d990f5d48}</UniqueIdentifier>
    </Filter>
  </ItemGroup>
</Project>